github.com/appwrite/sdk-for-go/v7 v7.3.0 h1:egG42fbIwrboDxE8p3sHK7w0ZVPGPDIiD4/OY5WfafU=
github.com/appwrite/sdk-for-go/v7 v7.3.0/go.mod h1:gs7R/l/x852w53TdpjUQOdwU41y3iMxhtlaPhL83RRs=
github.com/open-runtimes/types-for-go/v4 v4.0.8 h1:GyhMVFN5jwgFxln3Botvlco5sdCO4snG0GuWKbzV9dY=
github.com/open-runtimes/types-for-go/v4 v4.0.8/go.mod h1:L6N4mNQFedFSlX5hOKmtjUTZdqD691YZlVtXOxC5DSw=
